
Microsoft Visual Studio Solution File, Format Version 12.00
# Visual Studio Version 17
VisualStudioVersion = 17.6.33723.286
MinimumVisualStudioVersion = 10.0.40219.1
Project("{FAE04EC0-301F-11D3-BF4B-00C04F79EFBC}") = "test", "test\test.csproj", "{06B5EDCF-D9BF-49F3-BFEB-8F590F32D862}"
EndProject
Global
	GlobalSection(SolutionConfigurationPlatforms) = preSolution
		Debug|Any CPU = Debug|Any CPU
		Release|Any CPU = Release|Any CPU
	EndGlobalSection
	GlobalSection(ProjectConfigurationPlatforms) = postSolution
		{06B5EDCF-D9BF-49F3-BFEB-8F590F32D862}.Debug|Any CPU.ActiveCfg = Debug|Any CPU
		{06B5EDCF-D9BF-49F3-BFEB-8F590F32D862}.Debug|Any CPU.Build.0 = Debug|Any CPU
		{06B5EDCF-D9BF-49F3-BFEB-8F590F32D862}.Release|Any CPU.ActiveCfg = Release|Any CPU
		{06B5EDCF-D9BF-49F3-BFEB-8F590F32D862}.Release|Any CPU.Build.0 = Release|Any CPU
	EndGlobalSection
	GlobalSection(SolutionProperties) = preSolution
		HideSolutionNode = FALSE
	EndGlobalSection
	GlobalSection(ExtensibilityGlobals) = postSolution
		SolutionGuid = {B65C1065-C830-43D0-9FC1-42E344737A7D}
	EndGlobalSection
EndGlobal
