
Microsoft Visual Studio Solution File, Format Version 12.00
# Visual Studio Version 17
VisualStudioVersion = 17.6.33723.286
MinimumVisualStudioVersion = 10.0.40219.1
Project("{FAE04EC0-301F-11D3-BF4B-00C04F79EFBC}") = "CQRS", "CQRS\CQRS.csproj", "{FD01ADFF-FA23-4C80-947D-37090DA27672}"
EndProject
Global
	GlobalSection(SolutionConfigurationPlatforms) = preSolution
		Debug|Any CPU = Debug|Any CPU
		Release|Any CPU = Release|Any CPU
	EndGlobalSection
	GlobalSection(ProjectConfigurationPlatforms) = postSolution
		{FD01ADFF-FA23-4C80-947D-37090DA27672}.Debug|Any CPU.ActiveCfg = Debug|Any CPU
		{FD01ADFF-FA23-4C80-947D-37090DA27672}.Debug|Any CPU.Build.0 = Debug|Any CPU
		{FD01ADFF-FA23-4C80-947D-37090DA27672}.Release|Any CPU.ActiveCfg = Release|Any CPU
		{FD01ADFF-FA23-4C80-947D-37090DA27672}.Release|Any CPU.Build.0 = Release|Any CPU
	EndGlobalSection
	GlobalSection(SolutionProperties) = preSolution
		HideSolutionNode = FALSE
	EndGlobalSection
	GlobalSection(ExtensibilityGlobals) = postSolution
		SolutionGuid = {AB195B62-2CC1-4A8B-87B8-C9613A0C0879}
	EndGlobalSection
EndGlobal
