
Microsoft Visual Studio Solution File, Format Version 12.00
# Visual Studio Version 17
VisualStudioVersion = 17.6.33723.286
MinimumVisualStudioVersion = 10.0.40219.1
Project("{FAE04EC0-301F-11D3-BF4B-00C04F79EFBC}") = "AspnetCoreCofiguration", "AspnetCoreCofiguration\AspnetCoreCofiguration.csproj", "{F3289749-720A-475B-998F-9C90F617D596}"
EndProject
Global
	GlobalSection(SolutionConfigurationPlatforms) = preSolution
		Debug|Any CPU = Debug|Any CPU
		Release|Any CPU = Release|Any CPU
	EndGlobalSection
	GlobalSection(ProjectConfigurationPlatforms) = postSolution
		{F3289749-720A-475B-998F-9C90F617D596}.Debug|Any CPU.ActiveCfg = Debug|Any CPU
		{F3289749-720A-475B-998F-9C90F617D596}.Debug|Any CPU.Build.0 = Debug|Any CPU
		{F3289749-720A-475B-998F-9C90F617D596}.Release|Any CPU.ActiveCfg = Release|Any CPU
		{F3289749-720A-475B-998F-9C90F617D596}.Release|Any CPU.Build.0 = Release|Any CPU
	EndGlobalSection
	GlobalSection(SolutionProperties) = preSolution
		HideSolutionNode = FALSE
	EndGlobalSection
	GlobalSection(ExtensibilityGlobals) = postSolution
		SolutionGuid = {1BD66E27-E5F8-4605-B4D0-06EDEF4E6596}
	EndGlobalSection
EndGlobal
